
Microsoft Visual Studio Solution File, Format Version 12.00
# Visual Studio Version 17
VisualStudioVersion = 17.13.35818.85
MinimumVisualStudioVersion = 10.0.40219.1
Project("{FAE04EC0-301F-11D3-BF4B-00C04F79EFBC}") = "Service", "Service\Service.csproj", "{3F3D3227-F46E-4901-BF99-1134802A69E4}"
EndProject
Project("{FAE04EC0-301F-11D3-BF4B-00C04F79EFBC}") = "Data", "Data\Data.csproj", "{27C41DBE-6D3A-4EA9-9A1C-C22FB4DB19C8}"
EndProject
Project("{FAE04EC0-301F-11D3-BF4B-00C04F79EFBC}") = "Web", "Web\Web.csproj", "{3237BA9F-1EDE-47A1-8E44-6FCC53B47FDA}"
EndProject
Project("{2150E333-8FDC-42A3-9474-1A3956D46DE8}") = "Solution Items", "Solution Items", "{8EC462FD-D22E-90A8-E5CE-7E832BA40C5D}"
	ProjectSection(SolutionItems) = preProject
		ToDo.txt = ToDo.txt
	EndProjectSection
EndProject
Global
	GlobalSection(SolutionConfigurationPlatforms) = preSolution
		Debug|Any CPU = Debug|Any CPU
		Release|Any CPU = Release|Any CPU
	EndGlobalSection
	GlobalSection(ProjectConfigurationPlatforms) = postSolution
		{3F3D3227-F46E-4901-BF99-1134802A69E4}.Debug|Any CPU.ActiveCfg = Debug|Any CPU
		{3F3D3227-F46E-4901-BF99-1134802A69E4}.Debug|Any CPU.Build.0 = Debug|Any CPU
		{3F3D3227-F46E-4901-BF99-1134802A69E4}.Release|Any CPU.ActiveCfg = Release|Any CPU
		{3F3D3227-F46E-4901-BF99-1134802A69E4}.Release|Any CPU.Build.0 = Release|Any CPU
		{27C41DBE-6D3A-4EA9-9A1C-C22FB4DB19C8}.Debug|Any CPU.ActiveCfg = Debug|Any CPU
		{27C41DBE-6D3A-4EA9-9A1C-C22FB4DB19C8}.Debug|Any CPU.Build.0 = Debug|Any CPU
		{27C41DBE-6D3A-4EA9-9A1C-C22FB4DB19C8}.Release|Any CPU.ActiveCfg = Release|Any CPU
		{27C41DBE-6D3A-4EA9-9A1C-C22FB4DB19C8}.Release|Any CPU.Build.0 = Release|Any CPU
		{3237BA9F-1EDE-47A1-8E44-6FCC53B47FDA}.Debug|Any CPU.ActiveCfg = Debug|Any CPU
		{3237BA9F-1EDE-47A1-8E44-6FCC53B47FDA}.Debug|Any CPU.Build.0 = Debug|Any CPU
		{3237BA9F-1EDE-47A1-8E44-6FCC53B47FDA}.Release|Any CPU.ActiveCfg = Release|Any CPU
		{3237BA9F-1EDE-47A1-8E44-6FCC53B47FDA}.Release|Any CPU.Build.0 = Release|Any CPU
	EndGlobalSection
	GlobalSection(SolutionProperties) = preSolution
		HideSolutionNode = FALSE
	EndGlobalSection
	GlobalSection(ExtensibilityGlobals) = postSolution
		SolutionGuid = {71468DA3-E95C-412F-9651-8E728E8C3FDF}
	EndGlobalSection
EndGlobal
